
Microsoft Visual Studio Solution File, Format Version 12.00
# Visual Studio Version 17
VisualStudioVersion = 17.6.33829.357
MinimumVisualStudioVersion = 10.0.40219.1
Project("{FAE04EC0-301F-11D3-BF4B-00C04F79EFBC}") = "BasicOperations", "BasicOperations\BasicOperations.csproj", "{AA30631D-518E-4FE3-9D16-8EC5CD828135}"
EndProject
Global
	GlobalSection(SolutionConfigurationPlatforms) = preSolution
		Debug|Any CPU = Debug|Any CPU
		Release|Any CPU = Release|Any CPU
	EndGlobalSection
	GlobalSection(ProjectConfigurationPlatforms) = postSolution
		{AA30631D-518E-4FE3-9D16-8EC5CD828135}.Debug|Any CPU.ActiveCfg = Debug|Any CPU
		{AA30631D-518E-4FE3-9D16-8EC5CD828135}.Debug|Any CPU.Build.0 = Debug|Any CPU
		{AA30631D-518E-4FE3-9D16-8EC5CD828135}.Release|Any CPU.ActiveCfg = Release|Any CPU
		{AA30631D-518E-4FE3-9D16-8EC5CD828135}.Release|Any CPU.Build.0 = Release|Any CPU
	EndGlobalSection
	GlobalSection(SolutionProperties) = preSolution
		HideSolutionNode = FALSE
	EndGlobalSection
	GlobalSection(ExtensibilityGlobals) = postSolution
		SolutionGuid = {380BC858-0D54-401D-8EED-2FD48A349DE0}
	EndGlobalSection
EndGlobal
